// !$*UTF8*$!
{
	archiveVersion = 1;
	classes = {
	};
	objectVersion = 46;
	objects = {

/* Begin PBXBuildFile section */
		7A6654F11ED515E8009EEF96 /* FTButtonNode.swift in Sources */ = {isa = PBXBuildFile; fileRef = 7A6654F01ED515E8009EEF96 /* FTButtonNode.swift */; };
		956DF7D21F4E49160087A7AD /* API.swift in Sources */ = {isa = PBXBuildFile; fileRef = 956DF7D11F4E49160087A7AD /* API.swift */; };
		956DF7D51F4E59950087A7AD /* Final_AlmostWin.swift in Sources */ = {isa = PBXBuildFile; fileRef = 956DF7D31F4E59950087A7AD /* Final_AlmostWin.swift */; };
		956DF7D61F4E59950087A7AD /* Final_Lose.swift in Sources */ = {isa = PBXBuildFile; fileRef = 956DF7D41F4E59950087A7AD /* Final_Lose.swift */; };
		956DF7D81F4E599F0087A7AD /* game_boss_L3.swift in Sources */ = {isa = PBXBuildFile; fileRef = 956DF7D71F4E599F0087A7AD /* game_boss_L3.swift */; };
		956DF7DB1F4E59AB0087A7AD /* Day4FrontDoor.swift in Sources */ = {isa = PBXBuildFile; fileRef = 956DF7D91F4E59AB0087A7AD /* Day4FrontDoor.swift */; };
		956DF7DC1F4E59AB0087A7AD /* Final_FullWin.swift in Sources */ = {isa = PBXBuildFile; fileRef = 956DF7DA1F4E59AB0087A7AD /* Final_FullWin.swift */; };
		956DF7DF1F4E59B60087A7AD /* Day4BedroomOver.swift in Sources */ = {isa = PBXBuildFile; fileRef = 956DF7DD1F4E59B60087A7AD /* Day4BedroomOver.swift */; };
		956DF7E01F4E59B60087A7AD /* Day4BedroomUnder.swift in Sources */ = {isa = PBXBuildFile; fileRef = 956DF7DE1F4E59B60087A7AD /* Day4BedroomUnder.swift */; };
		956DF7E31F4F84290087A7AD /* ToDo.swift in Sources */ = {isa = PBXBuildFile; fileRef = 956DF7E21F4F84290087A7AD /* ToDo.swift */; };
		956DF7E51F50C0C50087A7AD /* Credits.swift in Sources */ = {isa = PBXBuildFile; fileRef = 956DF7E41F50C0C50087A7AD /* Credits.swift */; };
		95E287211F4CC13400477EC1 /* MainMenu.swift in Sources */ = {isa = PBXBuildFile; fileRef = 95E287201F4CC13400477EC1 /* MainMenu.swift */; };
		95E287711F4D03A700477EC1 /* game_boss_L1.swift in Sources */ = {isa = PBXBuildFile; fileRef = 95E287701F4D03A700477EC1 /* game_boss_L1.swift */; };
		95E287731F4D03BC00477EC1 /* pre_boss_L1.swift in Sources */ = {isa = PBXBuildFile; fileRef = 95E287721F4D03BC00477EC1 /* pre_boss_L1.swift */; };
		95E287761F4D03D000477EC1 /* Day2SchoolHallwayScene.swift in Sources */ = {isa = PBXBuildFile; fileRef = 95E287741F4D03D000477EC1 /* Day2SchoolHallwayScene.swift */; };
		95E287771F4D03D000477EC1 /* Day2WinScene.swift in Sources */ = {isa = PBXBuildFile; fileRef = 95E287751F4D03D000477EC1 /* Day2WinScene.swift */; };
		95E2877D1F4D03DE00477EC1 /* Day2BedroomScene.swift in Sources */ = {isa = PBXBuildFile; fileRef = 95E287781F4D03DE00477EC1 /* Day2BedroomScene.swift */; };
		95E2877E1F4D03DE00477EC1 /* Day2LoseScene.swift in Sources */ = {isa = PBXBuildFile; fileRef = 95E287791F4D03DE00477EC1 /* Day2LoseScene.swift */; };
		95E2877F1F4D03DE00477EC1 /* Day2Rooftop.swift in Sources */ = {isa = PBXBuildFile; fileRef = 95E2877A1F4D03DE00477EC1 /* Day2Rooftop.swift */; };
		95E287801F4D03DE00477EC1 /* Day2RooftopBad.swift in Sources */ = {isa = PBXBuildFile; fileRef = 95E2877B1F4D03DE00477EC1 /* Day2RooftopBad.swift */; };
		95E287811F4D03DE00477EC1 /* Day2SchoolHallwaySceneBad.swift in Sources */ = {isa = PBXBuildFile; fileRef = 95E2877C1F4D03DE00477EC1 /* Day2SchoolHallwaySceneBad.swift */; };
		95E287861F4D048200477EC1 /* SchoolHallwayScene.swift in Sources */ = {isa = PBXBuildFile; fileRef = 95E287851F4D048200477EC1 /* SchoolHallwayScene.swift */; };
		95E287881F4D04AE00477EC1 /* OpeningScene.swift in Sources */ = {isa = PBXBuildFile; fileRef = 95E287871F4D04AE00477EC1 /* OpeningScene.swift */; };
		95E2878B1F4D04BF00477EC1 /* Day1Classroom.swift in Sources */ = {isa = PBXBuildFile; fileRef = 95E287891F4D04BF00477EC1 /* Day1Classroom.swift */; };
		95E2878C1F4D04BF00477EC1 /* Day1SchoolRooftop.swift in Sources */ = {isa = PBXBuildFile; fileRef = 95E2878A1F4D04BF00477EC1 /* Day1SchoolRooftop.swift */; };
		95E287911F4D07C200477EC1 /* Day3NightWalkScene.swift in Sources */ = {isa = PBXBuildFile; fileRef = 95E2878E1F4D07C200477EC1 /* Day3NightWalkScene.swift */; };
		95E287921F4D07C200477EC1 /* Day3RestaurantScene .swift in Sources */ = {isa = PBXBuildFile; fileRef = 95E2878F1F4D07C200477EC1 /* Day3RestaurantScene .swift */; };
		95E287931F4D07C200477EC1 /* game_boss_L2.swift in Sources */ = {isa = PBXBuildFile; fileRef = 95E287901F4D07C200477EC1 /* game_boss_L2.swift */; };
		95E287951F4D07CD00477EC1 /* pre_boss_L2.swift in Sources */ = {isa = PBXBuildFile; fileRef = 95E287941F4D07CD00477EC1 /* pre_boss_L2.swift */; };
		95E287971F4D07DB00477EC1 /* Day3WinScene.swift in Sources */ = {isa = PBXBuildFile; fileRef = 95E287961F4D07DB00477EC1 /* Day3WinScene.swift */; };
		95E2879A1F4D07EA00477EC1 /* Day3BedroomScene.swift in Sources */ = {isa = PBXBuildFile; fileRef = 95E287981F4D07EA00477EC1 /* Day3BedroomScene.swift */; };
		95E2879B1F4D07EA00477EC1 /* Day3LoseScene.swift in Sources */ = {isa = PBXBuildFile; fileRef = 95E287991F4D07EA00477EC1 /* Day3LoseScene.swift */; };
		95E2879E1F4D127700477EC1 /* ResumeMenu.swift in Sources */ = {isa = PBXBuildFile; fileRef = 95E2879D1F4D127700477EC1 /* ResumeMenu.swift */; };
		95EB5E471F45FCEA00D946E1 /* SKMultilineLabel.swift in Resources */ = {isa = PBXBuildFile; fileRef = 95EB5E461F45FCEA00D946E1 /* SKMultilineLabel.swift */; };
		E47DE0D51ECCFF7200C3375C /* AppDelegate.swift in Sources */ = {isa = PBXBuildFile; fileRef = E47DE0D41ECCFF7200C3375C /* AppDelegate.swift */; };
		E47DE0D71ECCFF7200C3375C /* GameScene.sks in Resources */ = {isa = PBXBuildFile; fileRef = E47DE0D61ECCFF7200C3375C /* GameScene.sks */; };
		E47DE0D91ECCFF7200C3375C /* Actions.sks in Resources */ = {isa = PBXBuildFile; fileRef = E47DE0D81ECCFF7200C3375C /* Actions.sks */; };
		E47DE0DD1ECCFF7200C3375C /* GameViewController.swift in Sources */ = {isa = PBXBuildFile; fileRef = E47DE0DC1ECCFF7200C3375C /* GameViewController.swift */; };
		E47DE0E01ECCFF7200C3375C /* Main.storyboard in Resources */ = {isa = PBXBuildFile; fileRef = E47DE0DE1ECCFF7200C3375C /* Main.storyboard */; };
		E47DE0E21ECCFF7200C3375C /* Assets.xcassets in Resources */ = {isa = PBXBuildFile; fileRef = E47DE0E11ECCFF7200C3375C /* Assets.xcassets */; };
		E47DE0E51ECCFF7200C3375C /* LaunchScreen.storyboard in Resources */ = {isa = PBXBuildFile; fileRef = E47DE0E31ECCFF7200C3375C /* LaunchScreen.storyboard */; };
		E47DE0F01ECCFF7200C3375C /* textExampleTests.swift in Sources */ = {isa = PBXBuildFile; fileRef = E47DE0EF1ECCFF7200C3375C /* textExampleTests.swift */; };
		E47DE0FB1ECCFF7200C3375C /* textExampleUITests.swift in Sources */ = {isa = PBXBuildFile; fileRef = E47DE0FA1ECCFF7200C3375C /* textExampleUITests.swift */; };
/* End PBXBuildFile section */

/* Begin PBXContainerItemProxy section */
		E47DE0EC1ECCFF7200C3375C /* PBXContainerItemProxy */ = {
			isa = PBXContainerItemProxy;
			containerPortal = E47DE0C91ECCFF7200C3375C /* Project object */;
			proxyType = 1;
			remoteGlobalIDString = E47DE0D01ECCFF7200C3375C;
			remoteInfo = textExample;
		};
		E47DE0F71ECCFF7200C3375C /* PBXContainerItemProxy */ = {
			isa = PBXContainerItemProxy;
			containerPortal = E47DE0C91ECCFF7200C3375C /* Project object */;
			proxyType = 1;
			remoteGlobalIDString = E47DE0D01ECCFF7200C3375C;
			remoteInfo = textExample;
		};
/* End PBXContainerItemProxy section */

/* Begin PBXFileReference section */
		7A6654F01ED515E8009EEF96 /* FTButtonNode.swift */ = {isa = PBXFileReference; fileEncoding = 4; lastKnownFileType = sourcecode.swift; name = FTButtonNode.swift; path = ../FTButtonNode.swift; sourceTree = "<group>"; };
		956DF7D11F4E49160087A7AD /* API.swift */ = {isa = PBXFileReference; fileEncoding = 4; lastKnownFileType = sourcecode.swift; path = API.swift; sourceTree = "<group>"; };
		956DF7D31F4E59950087A7AD /* Final_AlmostWin.swift */ = {isa = PBXFileReference; fileEncoding = 4; lastKnownFileType = sourcecode.swift; path = Final_AlmostWin.swift; sourceTree = "<group>"; };
		956DF7D41F4E59950087A7AD /* Final_Lose.swift */ = {isa = PBXFileReference; fileEncoding = 4; lastKnownFileType = sourcecode.swift; path = Final_Lose.swift; sourceTree = "<group>"; };
		956DF7D71F4E599F0087A7AD /* game_boss_L3.swift */ = {isa = PBXFileReference; fileEncoding = 4; lastKnownFileType = sourcecode.swift; path = game_boss_L3.swift; sourceTree = "<group>"; };
		956DF7D91F4E59AB0087A7AD /* Day4FrontDoor.swift */ = {isa = PBXFileReference; fileEncoding = 4; lastKnownFileType = sourcecode.swift; path = Day4FrontDoor.swift; sourceTree = "<group>"; };
		956DF7DA1F4E59AB0087A7AD /* Final_FullWin.swift */ = {isa = PBXFileReference; fileEncoding = 4; lastKnownFileType = sourcecode.swift; path = Final_FullWin.swift; sourceTree = "<group>"; };
		956DF7DD1F4E59B60087A7AD /* Day4BedroomOver.swift */ = {isa = PBXFileReference; fileEncoding = 4; lastKnownFileType = sourcecode.swift; path = Day4BedroomOver.swift; sourceTree = "<group>"; };
		956DF7DE1F4E59B60087A7AD /* Day4BedroomUnder.swift */ = {isa = PBXFileReference; fileEncoding = 4; lastKnownFileType = sourcecode.swift; path = Day4BedroomUnder.swift; sourceTree = "<group>"; };
		956DF7E21F4F84290087A7AD /* ToDo.swift */ = {isa = PBXFileReference; fileEncoding = 4; lastKnownFileType = sourcecode.swift; path = ToDo.swift; sourceTree = "<group>"; };
		956DF7E41F50C0C50087A7AD /* Credits.swift */ = {isa = PBXFileReference; fileEncoding = 4; lastKnownFileType = sourcecode.swift; path = Credits.swift; sourceTree = "<group>"; };
		95E287201F4CC13400477EC1 /* MainMenu.swift */ = {isa = PBXFileReference; fileEncoding = 4; lastKnownFileType = sourcecode.swift; path = MainMenu.swift; sourceTree = "<group>"; };
		95E287701F4D03A700477EC1 /* game_boss_L1.swift */ = {isa = PBXFileReference; fileEncoding = 4; lastKnownFileType = sourcecode.swift; path = game_boss_L1.swift; sourceTree = "<group>"; };
		95E287721F4D03BC00477EC1 /* pre_boss_L1.swift */ = {isa = PBXFileReference; fileEncoding = 4; lastKnownFileType = sourcecode.swift; path = pre_boss_L1.swift; sourceTree = "<group>"; };
		95E287741F4D03D000477EC1 /* Day2SchoolHallwayScene.swift */ = {isa = PBXFileReference; fileEncoding = 4; lastKnownFileType = sourcecode.swift; path = Day2SchoolHallwayScene.swift; sourceTree = "<group>"; };
		95E287751F4D03D000477EC1 /* Day2WinScene.swift */ = {isa = PBXFileReference; fileEncoding = 4; lastKnownFileType = sourcecode.swift; path = Day2WinScene.swift; sourceTree = "<group>"; };
		95E287781F4D03DE00477EC1 /* Day2BedroomScene.swift */ = {isa = PBXFileReference; fileEncoding = 4; lastKnownFileType = sourcecode.swift; path = Day2BedroomScene.swift; sourceTree = "<group>"; };
		95E287791F4D03DE00477EC1 /* Day2LoseScene.swift */ = {isa = PBXFileReference; fileEncoding = 4; lastKnownFileType = sourcecode.swift; path = Day2LoseScene.swift; sourceTree = "<group>"; };
		95E2877A1F4D03DE00477EC1 /* Day2Rooftop.swift */ = {isa = PBXFileReference; fileEncoding = 4; lastKnownFileType = sourcecode.swift; path = Day2Rooftop.swift; sourceTree = "<group>"; };
		95E2877B1F4D03DE00477EC1 /* Day2RooftopBad.swift */ = {isa = PBXFileReference; fileEncoding = 4; lastKnownFileType = sourcecode.swift; path = Day2RooftopBad.swift; sourceTree = "<group>"; };
		95E2877C1F4D03DE00477EC1 /* Day2SchoolHallwaySceneBad.swift */ = {isa = PBXFileReference; fileEncoding = 4; lastKnownFileType = sourcecode.swift; path = Day2SchoolHallwaySceneBad.swift; sourceTree = "<group>"; };
		95E287851F4D048200477EC1 /* SchoolHallwayScene.swift */ = {isa = PBXFileReference; fileEncoding = 4; lastKnownFileType = sourcecode.swift; path = SchoolHallwayScene.swift; sourceTree = "<group>"; };
		95E287871F4D04AE00477EC1 /* OpeningScene.swift */ = {isa = PBXFileReference; fileEncoding = 4; lastKnownFileType = sourcecode.swift; path = OpeningScene.swift; sourceTree = "<group>"; };
		95E287891F4D04BF00477EC1 /* Day1Classroom.swift */ = {isa = PBXFileReference; fileEncoding = 4; lastKnownFileType = sourcecode.swift; path = Day1Classroom.swift; sourceTree = "<group>"; };
		95E2878A1F4D04BF00477EC1 /* Day1SchoolRooftop.swift */ = {isa = PBXFileReference; fileEncoding = 4; lastKnownFileType = sourcecode.swift; path = Day1SchoolRooftop.swift; sourceTree = "<group>"; };
		95E2878E1F4D07C200477EC1 /* Day3NightWalkScene.swift */ = {isa = PBXFileReference; fileEncoding = 4; lastKnownFileType = sourcecode.swift; path = Day3NightWalkScene.swift; sourceTree = "<group>"; };
		95E2878F1F4D07C200477EC1 /* Day3RestaurantScene .swift */ = {isa = PBXFileReference; fileEncoding = 4; lastKnownFileType = sourcecode.swift; path = "Day3RestaurantScene .swift"; sourceTree = "<group>"; };
		95E287901F4D07C200477EC1 /* game_boss_L2.swift */ = {isa = PBXFileReference; fileEncoding = 4; lastKnownFileType = sourcecode.swift; path = game_boss_L2.swift; sourceTree = "<group>"; };
		95E287941F4D07CD00477EC1 /* pre_boss_L2.swift */ = {isa = PBXFileReference; fileEncoding = 4; lastKnownFileType = sourcecode.swift; path = pre_boss_L2.swift; sourceTree = "<group>"; };
		95E287961F4D07DB00477EC1 /* Day3WinScene.swift */ = {isa = PBXFileReference; fileEncoding = 4; lastKnownFileType = sourcecode.swift; path = Day3WinScene.swift; sourceTree = "<group>"; };
		95E287981F4D07EA00477EC1 /* Day3BedroomScene.swift */ = {isa = PBXFileReference; fileEncoding = 4; lastKnownFileType = sourcecode.swift; path = Day3BedroomScene.swift; sourceTree = "<group>"; };
		95E287991F4D07EA00477EC1 /* Day3LoseScene.swift */ = {isa = PBXFileReference; fileEncoding = 4; lastKnownFileType = sourcecode.swift; path = Day3LoseScene.swift; sourceTree = "<group>"; };
		95E2879D1F4D127700477EC1 /* ResumeMenu.swift */ = {isa = PBXFileReference; fileEncoding = 4; lastKnownFileType = sourcecode.swift; path = ResumeMenu.swift; sourceTree = "<group>"; };
		95EB5E461F45FCEA00D946E1 /* SKMultilineLabel.swift */ = {isa = PBXFileReference; lastKnownFileType = sourcecode.swift; path = SKMultilineLabel.swift; sourceTree = "<group>"; };
		E47DE0D11ECCFF7200C3375C /* textExample.app */ = {isa = PBXFileReference; explicitFileType = wrapper.application; includeInIndex = 0; path = textExample.app; sourceTree = BUILT_PRODUCTS_DIR; };
		E47DE0D41ECCFF7200C3375C /* AppDelegate.swift */ = {isa = PBXFileReference; lastKnownFileType = sourcecode.swift; path = AppDelegate.swift; sourceTree = "<group>"; };
		E47DE0D61ECCFF7200C3375C /* GameScene.sks */ = {isa = PBXFileReference; lastKnownFileType = file.sks; path = GameScene.sks; sourceTree = "<group>"; };
		E47DE0D81ECCFF7200C3375C /* Actions.sks */ = {isa = PBXFileReference; lastKnownFileType = file.sks; path = Actions.sks; sourceTree = "<group>"; };
		E47DE0DC1ECCFF7200C3375C /* GameViewController.swift */ = {isa = PBXFileReference; lastKnownFileType = sourcecode.swift; path = GameViewController.swift; sourceTree = "<group>"; };
		E47DE0DF1ECCFF7200C3375C /* Base */ = {isa = PBXFileReference; lastKnownFileType = file.storyboard; name = Base; path = Base.lproj/Main.storyboard; sourceTree = "<group>"; };
		E47DE0E11ECCFF7200C3375C /* Assets.xcassets */ = {isa = PBXFileReference; lastKnownFileType = folder.assetcatalog; path = Assets.xcassets; sourceTree = "<group>"; };
		E47DE0E41ECCFF7200C3375C /* Base */ = {isa = PBXFileReference; lastKnownFileType = file.storyboard; name = Base; path = Base.lproj/LaunchScreen.storyboard; sourceTree = "<group>"; };
		E47DE0E61ECCFF7200C3375C /* Info.plist */ = {isa = PBXFileReference; lastKnownFileType = text.plist.xml; path = Info.plist; sourceTree = "<group>"; };
		E47DE0EB1ECCFF7200C3375C /* textExampleTests.xctest */ = {isa = PBXFileReference; explicitFileType = wrapper.cfbundle; includeInIndex = 0; path = textExampleTests.xctest; sourceTree = BUILT_PRODUCTS_DIR; };
		E47DE0EF1ECCFF7200C3375C /* textExampleTests.swift */ = {isa = PBXFileReference; lastKnownFileType = sourcecode.swift; path = textExampleTests.swift; sourceTree = "<group>"; };
		E47DE0F11ECCFF7200C3375C /* Info.plist */ = {isa = PBXFileReference; lastKnownFileType = text.plist.xml; path = Info.plist; sourceTree = "<group>"; };
		E47DE0F61ECCFF7200C3375C /* textExampleUITests.xctest */ = {isa = PBXFileReference; explicitFileType = wrapper.cfbundle; includeInIndex = 0; path = textExampleUITests.xctest; sourceTree = BUILT_PRODUCTS_DIR; };
		E47DE0FA1ECCFF7200C3375C /* textExampleUITests.swift */ = {isa = PBXFileReference; lastKnownFileType = sourcecode.swift; path = textExampleUITests.swift; sourceTree = "<group>"; };
		E47DE0FC1ECCFF7200C3375C /* Info.plist */ = {isa = PBXFileReference; lastKnownFileType = text.plist.xml; path = Info.plist; sourceTree = "<group>"; };
/* End PBXFileReference section */

/* Begin PBXFrameworksBuildPhase section */
		E47DE0CE1ECCFF7200C3375C /* Frameworks */ = {
			isa = PBXFrameworksBuildPhase;
			buildActionMask = 2147483647;
			files = (
			);
			runOnlyForDeploymentPostprocessing = 0;
		};
		E47DE0E81ECCFF7200C3375C /* Frameworks */ = {
			isa = PBXFrameworksBuildPhase;
			buildActionMask = 2147483647;
			files = (
			);
			runOnlyForDeploymentPostprocessing = 0;
		};
		E47DE0F31ECCFF7200C3375C /* Frameworks */ = {
			isa = PBXFrameworksBuildPhase;
			buildActionMask = 2147483647;
			files = (
			);
			runOnlyForDeploymentPostprocessing = 0;
		};
/* End PBXFrameworksBuildPhase section */

/* Begin PBXGroup section */
		956DF7E11F4E59BC0087A7AD /* Day4 */ = {
			isa = PBXGroup;
			children = (
				956DF7DD1F4E59B60087A7AD /* Day4BedroomOver.swift */,
				956DF7DE1F4E59B60087A7AD /* Day4BedroomUnder.swift */,
				956DF7D91F4E59AB0087A7AD /* Day4FrontDoor.swift */,
				956DF7DA1F4E59AB0087A7AD /* Final_FullWin.swift */,
				956DF7D71F4E599F0087A7AD /* game_boss_L3.swift */,
				956DF7D31F4E59950087A7AD /* Final_AlmostWin.swift */,
				956DF7D41F4E59950087A7AD /* Final_Lose.swift */,
			);
			name = Day4;
			sourceTree = "<group>";
		};
		95E2876F1F4D038500477EC1 /* MainMenu */ = {
			isa = PBXGroup;
			children = (
				95E287201F4CC13400477EC1 /* MainMenu.swift */,
				95E2879D1F4D127700477EC1 /* ResumeMenu.swift */,
				956DF7E41F50C0C50087A7AD /* Credits.swift */,
			);
			name = MainMenu;
			sourceTree = "<group>";
		};
		95E287841F4D03FA00477EC1 /* Day2 */ = {
			isa = PBXGroup;
			children = (
				95E287781F4D03DE00477EC1 /* Day2BedroomScene.swift */,
				95E287741F4D03D000477EC1 /* Day2SchoolHallwayScene.swift */,
				95E287721F4D03BC00477EC1 /* pre_boss_L1.swift */,
				95E287701F4D03A700477EC1 /* game_boss_L1.swift */,
				95E287751F4D03D000477EC1 /* Day2WinScene.swift */,
				95E287791F4D03DE00477EC1 /* Day2LoseScene.swift */,
				95E2877A1F4D03DE00477EC1 /* Day2Rooftop.swift */,
				95E2877B1F4D03DE00477EC1 /* Day2RooftopBad.swift */,
				95E2877C1F4D03DE00477EC1 /* Day2SchoolHallwaySceneBad.swift */,
			);
			name = Day2;
			sourceTree = "<group>";
		};
		95E2878D1F4D058800477EC1 /* Day1 */ = {
			isa = PBXGroup;
			children = (
				95E287871F4D04AE00477EC1 /* OpeningScene.swift */,
				95E287851F4D048200477EC1 /* SchoolHallwayScene.swift */,
				95E287891F4D04BF00477EC1 /* Day1Classroom.swift */,
				95E2878A1F4D04BF00477EC1 /* Day1SchoolRooftop.swift */,
			);
			name = Day1;
			sourceTree = "<group>";
		};
		95E2879C1F4D080300477EC1 /* Day3 */ = {
			isa = PBXGroup;
			children = (
				95E287981F4D07EA00477EC1 /* Day3BedroomScene.swift */,
				95E2878F1F4D07C200477EC1 /* Day3RestaurantScene .swift */,
				95E287941F4D07CD00477EC1 /* pre_boss_L2.swift */,
				95E287901F4D07C200477EC1 /* game_boss_L2.swift */,
				95E287961F4D07DB00477EC1 /* Day3WinScene.swift */,
				95E2878E1F4D07C200477EC1 /* Day3NightWalkScene.swift */,
				95E287991F4D07EA00477EC1 /* Day3LoseScene.swift */,
			);
			name = Day3;
			sourceTree = "<group>";
		};
		E47DE0C81ECCFF7200C3375C = {
			isa = PBXGroup;
			children = (
				E47DE0D31ECCFF7200C3375C /* textExample */,
				E47DE0EE1ECCFF7200C3375C /* textExampleTests */,
				E47DE0F91ECCFF7200C3375C /* textExampleUITests */,
				E47DE0D21ECCFF7200C3375C /* Products */,
			);
			sourceTree = "<group>";
		};
		E47DE0D21ECCFF7200C3375C /* Products */ = {
			isa = PBXGroup;
			children = (
				E47DE0D11ECCFF7200C3375C /* textExample.app */,
				E47DE0EB1ECCFF7200C3375C /* textExampleTests.xctest */,
				E47DE0F61ECCFF7200C3375C /* textExampleUITests.xctest */,
			);
			name = Products;
			sourceTree = "<group>";
		};
		E47DE0D31ECCFF7200C3375C /* textExample */ = {
			isa = PBXGroup;
			children = (
				7A6654F01ED515E8009EEF96 /* FTButtonNode.swift */,
				E47DE0D41ECCFF7200C3375C /* AppDelegate.swift */,
				E47DE0D61ECCFF7200C3375C /* GameScene.sks */,
				E47DE0D81ECCFF7200C3375C /* Actions.sks */,
				95EB5E461F45FCEA00D946E1 /* SKMultilineLabel.swift */,
				956DF7D11F4E49160087A7AD /* API.swift */,
				956DF7E21F4F84290087A7AD /* ToDo.swift */,
				95E2876F1F4D038500477EC1 /* MainMenu */,
				95E2878D1F4D058800477EC1 /* Day1 */,
				95E287841F4D03FA00477EC1 /* Day2 */,
				95E2879C1F4D080300477EC1 /* Day3 */,
				956DF7E11F4E59BC0087A7AD /* Day4 */,
				E47DE0DE1ECCFF7200C3375C /* Main.storyboard */,
				E47DE0DC1ECCFF7200C3375C /* GameViewController.swift */,
				E47DE0E11ECCFF7200C3375C /* Assets.xcassets */,
				E47DE0E31ECCFF7200C3375C /* LaunchScreen.storyboard */,
				E47DE0E61ECCFF7200C3375C /* Info.plist */,
			);
			path = textExample;
			sourceTree = "<group>";
		};
		E47DE0EE1ECCFF7200C3375C /* textExampleTests */ = {
			isa = PBXGroup;
			children = (
				E47DE0EF1ECCFF7200C3375C /* textExampleTests.swift */,
				E47DE0F11ECCFF7200C3375C /* Info.plist */,
			);
			path = textExampleTests;
			sourceTree = "<group>";
		};
		E47DE0F91ECCFF7200C3375C /* textExampleUITests */ = {
			isa = PBXGroup;
			children = (
				E47DE0FA1ECCFF7200C3375C /* textExampleUITests.swift */,
				E47DE0FC1ECCFF7200C3375C /* Info.plist */,
			);
			path = textExampleUITests;
			sourceTree = "<group>";
		};
/* End PBXGroup section */

/* Begin PBXNativeTarget section */
		E47DE0D01ECCFF7200C3375C /* textExample */ = {
			isa = PBXNativeTarget;
			buildConfigurationList = E47DE0FF1ECCFF7200C3375C /* Build configuration list for PBXNativeTarget "textExample" */;
			buildPhases = (
				E47DE0CD1ECCFF7200C3375C /* Sources */,
				E47DE0CE1ECCFF7200C3375C /* Frameworks */,
				E47DE0CF1ECCFF7200C3375C /* Resources */,
			);
			buildRules = (
			);
			dependencies = (
			);
			name = textExample;
			productName = textExample;
			productReference = E47DE0D11ECCFF7200C3375C /* textExample.app */;
			productType = "com.apple.product-type.application";
		};
		E47DE0EA1ECCFF7200C3375C /* textExampleTests */ = {
			isa = PBXNativeTarget;
			buildConfigurationList = E47DE1021ECCFF7200C3375C /* Build configuration list for PBXNativeTarget "textExampleTests" */;
			buildPhases = (
				E47DE0E71ECCFF7200C3375C /* Sources */,
				E47DE0E81ECCFF7200C3375C /* Frameworks */,
				E47DE0E91ECCFF7200C3375C /* Resources */,
			);
			buildRules = (
			);
			dependencies = (
				E47DE0ED1ECCFF7200C3375C /* PBXTargetDependency */,
			);
			name = textExampleTests;
			productName = textExampleTests;
			productReference = E47DE0EB1ECCFF7200C3375C /* textExampleTests.xctest */;
			productType = "com.apple.product-type.bundle.unit-test";
		};
		E47DE0F51ECCFF7200C3375C /* textExampleUITests */ = {
			isa = PBXNativeTarget;
			buildConfigurationList = E47DE1051ECCFF7200C3375C /* Build configuration list for PBXNativeTarget "textExampleUITests" */;
			buildPhases = (
				E47DE0F21ECCFF7200C3375C /* Sources */,
				E47DE0F31ECCFF7200C3375C /* Frameworks */,
				E47DE0F41ECCFF7200C3375C /* Resources */,
			);
			buildRules = (
			);
			dependencies = (
				E47DE0F81ECCFF7200C3375C /* PBXTargetDependency */,
			);
			name = textExampleUITests;
			productName = textExampleUITests;
			productReference = E47DE0F61ECCFF7200C3375C /* textExampleUITests.xctest */;
			productType = "com.apple.product-type.bundle.ui-testing";
		};
/* End PBXNativeTarget section */

/* Begin PBXProject section */
		E47DE0C91ECCFF7200C3375C /* Project object */ = {
			isa = PBXProject;
			attributes = {
				LastSwiftUpdateCheck = 0810;
				LastUpgradeCheck = 0810;
				ORGANIZATIONNAME = "Chung, Myungyun";
				TargetAttributes = {
					E47DE0D01ECCFF7200C3375C = {
						CreatedOnToolsVersion = 8.1;
						LastSwiftMigration = 0810;
						ProvisioningStyle = Automatic;
					};
					E47DE0EA1ECCFF7200C3375C = {
						CreatedOnToolsVersion = 8.1;
						ProvisioningStyle = Automatic;
						TestTargetID = E47DE0D01ECCFF7200C3375C;
					};
					E47DE0F51ECCFF7200C3375C = {
						CreatedOnToolsVersion = 8.1;
						ProvisioningStyle = Automatic;
						TestTargetID = E47DE0D01ECCFF7200C3375C;
					};
				};
			};
			buildConfigurationList = E47DE0CC1ECCFF7200C3375C /* Build configuration list for PBXProject "textExample" */;
			compatibilityVersion = "Xcode 3.2";
			developmentRegion = English;
			hasScannedForEncodings = 0;
			knownRegions = (
				en,
				Base,
			);
			mainGroup = E47DE0C81ECCFF7200C3375C;
			productRefGroup = E47DE0D21ECCFF7200C3375C /* Products */;
			projectDirPath = "";
			projectRoot = "";
			targets = (
				E47DE0D01ECCFF7200C3375C /* textExample */,
				E47DE0EA1ECCFF7200C3375C /* textExampleTests */,
				E47DE0F51ECCFF7200C3375C /* textExampleUITests */,
			);
		};
/* End PBXProject section */

/* Begin PBXResourcesBuildPhase section */
		E47DE0CF1ECCFF7200C3375C /* Resources */ = {
			isa = PBXResourcesBuildPhase;
			buildActionMask = 2147483647;
			files = (
				E47DE0E01ECCFF7200C3375C /* Main.storyboard in Resources */,
				E47DE0D71ECCFF7200C3375C /* GameScene.sks in Resources */,
				95EB5E471F45FCEA00D946E1 /* SKMultilineLabel.swift in Resources */,
				E47DE0E21ECCFF7200C3375C /* Assets.xcassets in Resources */,
				E47DE0E51ECCFF7200C3375C /* LaunchScreen.storyboard in Resources */,
				E47DE0D91ECCFF7200C3375C /* Actions.sks in Resources */,
			);
			runOnlyForDeploymentPostprocessing = 0;
		};
		E47DE0E91ECCFF7200C3375C /* Resources */ = {
			isa = PBXResourcesBuildPhase;
			buildActionMask = 2147483647;
			files = (
			);
			runOnlyForDeploymentPostprocessing = 0;
		};
		E47DE0F41ECCFF7200C3375C /* Resources */ = {
			isa = PBXResourcesBuildPhase;
			buildActionMask = 2147483647;
			files = (
			);
			runOnlyForDeploymentPostprocessing = 0;
		};
/* End PBXResourcesBuildPhase section */

/* Begin PBXSourcesBuildPhase section */
		E47DE0CD1ECCFF7200C3375C /* Sources */ = {
			isa = PBXSourcesBuildPhase;
			buildActionMask = 2147483647;
			files = (
				95E2877F1F4D03DE00477EC1 /* Day2Rooftop.swift in Sources */,
				E47DE0DD1ECCFF7200C3375C /* GameViewController.swift in Sources */,
				95E287771F4D03D000477EC1 /* Day2WinScene.swift in Sources */,
				95E287911F4D07C200477EC1 /* Day3NightWalkScene.swift in Sources */,
				956DF7E01F4E59B60087A7AD /* Day4BedroomUnder.swift in Sources */,
				95E287971F4D07DB00477EC1 /* Day3WinScene.swift in Sources */,
				956DF7DB1F4E59AB0087A7AD /* Day4FrontDoor.swift in Sources */,
				956DF7DF1F4E59B60087A7AD /* Day4BedroomOver.swift in Sources */,
				95E287711F4D03A700477EC1 /* game_boss_L1.swift in Sources */,
				7A6654F11ED515E8009EEF96 /* FTButtonNode.swift in Sources */,
				95E287931F4D07C200477EC1 /* game_boss_L2.swift in Sources */,
				956DF7D21F4E49160087A7AD /* API.swift in Sources */,
				95E287731F4D03BC00477EC1 /* pre_boss_L1.swift in Sources */,
				95E287921F4D07C200477EC1 /* Day3RestaurantScene .swift in Sources */,
				95E287211F4CC13400477EC1 /* MainMenu.swift in Sources */,
				95E2878B1F4D04BF00477EC1 /* Day1Classroom.swift in Sources */,
				956DF7DC1F4E59AB0087A7AD /* Final_FullWin.swift in Sources */,
				95E2879E1F4D127700477EC1 /* ResumeMenu.swift in Sources */,
				95E287861F4D048200477EC1 /* SchoolHallwayScene.swift in Sources */,
				956DF7D61F4E59950087A7AD /* Final_Lose.swift in Sources */,
				956DF7D51F4E59950087A7AD /* Final_AlmostWin.swift in Sources */,
				95E2878C1F4D04BF00477EC1 /* Day1SchoolRooftop.swift in Sources */,
				95E2879A1F4D07EA00477EC1 /* Day3BedroomScene.swift in Sources */,
				95E287811F4D03DE00477EC1 /* Day2SchoolHallwaySceneBad.swift in Sources */,
				956DF7D81F4E599F0087A7AD /* game_boss_L3.swift in Sources */,
				95E2879B1F4D07EA00477EC1 /* Day3LoseScene.swift in Sources */,
				E47DE0D51ECCFF7200C3375C /* AppDelegate.swift in Sources */,
				956DF7E31F4F84290087A7AD /* ToDo.swift in Sources */,
				95E287881F4D04AE00477EC1 /* OpeningScene.swift in Sources */,
				95E2877E1F4D03DE00477EC1 /* Day2LoseScene.swift in Sources */,
				95E287761F4D03D000477EC1 /* Day2SchoolHallwayScene.swift in Sources */,
				95E287951F4D07CD00477EC1 /* pre_boss_L2.swift in Sources */,
				95E2877D1F4D03DE00477EC1 /* Day2BedroomScene.swift in Sources */,
				956DF7E51F50C0C50087A7AD /* Credits.swift in Sources */,
				95E287801F4D03DE00477EC1 /* Day2RooftopBad.swift in Sources */,
			);
			runOnlyForDeploymentPostprocessing = 0;
		};
		E47DE0E71ECCFF7200C3375C /* Sources */ = {
			isa = PBXSourcesBuildPhase;
			buildActionMask = 2147483647;
			files = (
				E47DE0F01ECCFF7200C3375C /* textExampleTests.swift in Sources */,
			);
			runOnlyForDeploymentPostprocessing = 0;
		};
		E47DE0F21ECCFF7200C3375C /* Sources */ = {
			isa = PBXSourcesBuildPhase;
			buildActionMask = 2147483647;
			files = (
				E47DE0FB1ECCFF7200C3375C /* textExampleUITests.swift in Sources */,
			);
			runOnlyForDeploymentPostprocessing = 0;
		};
/* End PBXSourcesBuildPhase section */

/* Begin PBXTargetDependency section */
		E47DE0ED1ECCFF7200C3375C /* PBXTargetDependency */ = {
			isa = PBXTargetDependency;
			target = E47DE0D01ECCFF7200C3375C /* textExample */;
			targetProxy = E47DE0EC1ECCFF7200C3375C /* PBXContainerItemProxy */;
		};
		E47DE0F81ECCFF7200C3375C /* PBXTargetDependency */ = {
			isa = PBXTargetDependency;
			target = E47DE0D01ECCFF7200C3375C /* textExample */;
			targetProxy = E47DE0F71ECCFF7200C3375C /* PBXContainerItemProxy */;
		};
/* End PBXTargetDependency section */

/* Begin PBXVariantGroup section */
		E47DE0DE1ECCFF7200C3375C /* Main.storyboard */ = {
			isa = PBXVariantGroup;
			children = (
				E47DE0DF1ECCFF7200C3375C /* Base */,
			);
			name = Main.storyboard;
			sourceTree = "<group>";
		};
		E47DE0E31ECCFF7200C3375C /* LaunchScreen.storyboard */ = {
			isa = PBXVariantGroup;
			children = (
				E47DE0E41ECCFF7200C3375C /* Base */,
			);
			name = LaunchScreen.storyboard;
			sourceTree = "<group>";
		};
/* End PBXVariantGroup section */

/* Begin XCBuildConfiguration section */
		E47DE0FD1ECCFF7200C3375C /* Debug */ = {
			isa = XCBuildConfiguration;
			buildSettings = {
				ALWAYS_SEARCH_USER_PATHS = NO;
				CLANG_ANALYZER_NONNULL = YES;
				CLANG_CXX_LANGUAGE_STANDARD = "gnu++0x";
				CLANG_CXX_LIBRARY = "libc++";
				CLANG_ENABLE_MODULES = YES;
				CLANG_ENABLE_OBJC_ARC = YES;
				CLANG_WARN_BOOL_CONVERSION = YES;
				CLANG_WARN_CONSTANT_CONVERSION = YES;
				CLANG_WARN_DIRECT_OBJC_ISA_USAGE = YES_ERROR;
				CLANG_WARN_DOCUMENTATION_COMMENTS = YES;
				CLANG_WARN_EMPTY_BODY = YES;
				CLANG_WARN_ENUM_CONVERSION = YES;
				CLANG_WARN_INFINITE_RECURSION = YES;
				CLANG_WARN_INT_CONVERSION = YES;
				CLANG_WARN_OBJC_ROOT_CLASS = YES_ERROR;
				CLANG_WARN_SUSPICIOUS_MOVES = YES;
				CLANG_WARN_UNREACHABLE_CODE = YES;
				CLANG_WARN__DUPLICATE_METHOD_MATCH = YES;
				"CODE_SIGN_IDENTITY[sdk=iphoneos*]" = "iPhone Developer";
				COPY_PHASE_STRIP = NO;
				DEBUG_INFORMATION_FORMAT = dwarf;
				ENABLE_STRICT_OBJC_MSGSEND = YES;
				ENABLE_TESTABILITY = YES;
				GCC_C_LANGUAGE_STANDARD = gnu99;
				GCC_DYNAMIC_NO_PIC = NO;
				GCC_NO_COMMON_BLOCKS = YES;
				GCC_OPTIMIZATION_LEVEL = 0;
				GCC_PREPROCESSOR_DEFINITIONS = (
					"DEBUG=1",
					"$(inherited)",
				);
				GCC_WARN_64_TO_32_BIT_CONVERSION = YES;
				GCC_WARN_ABOUT_RETURN_TYPE = YES_ERROR;
				GCC_WARN_UNDECLARED_SELECTOR = YES;
				GCC_WARN_UNINITIALIZED_AUTOS = YES_AGGRESSIVE;
				GCC_WARN_UNUSED_FUNCTION = YES;
				GCC_WARN_UNUSED_VARIABLE = YES;
				IPHONEOS_DEPLOYMENT_TARGET = 10.1;
				MTL_ENABLE_DEBUG_INFO = YES;
				ONLY_ACTIVE_ARCH = YES;
				SDKROOT = iphoneos;
				SWIFT_ACTIVE_COMPILATION_CONDITIONS = DEBUG;
				SWIFT_OPTIMIZATION_LEVEL = "-Onone";
				TARGETED_DEVICE_FAMILY = "1,2";
			};
			name = Debug;
		};
		E47DE0FE1ECCFF7200C3375C /* Release */ = {
			isa = XCBuildConfiguration;
			buildSettings = {
				ALWAYS_SEARCH_USER_PATHS = NO;
				CLANG_ANALYZER_NONNULL = YES;
				CLANG_CXX_LANGUAGE_STANDARD = "gnu++0x";
				CLANG_CXX_LIBRARY = "libc++";
				CLANG_ENABLE_MODULES = YES;
				CLANG_ENABLE_OBJC_ARC = YES;
				CLANG_WARN_BOOL_CONVERSION = YES;
				CLANG_WARN_CONSTANT_CONVERSION = YES;
				CLANG_WARN_DIRECT_OBJC_ISA_USAGE = YES_ERROR;
				CLANG_WARN_DOCUMENTATION_COMMENTS = YES;
				CLANG_WARN_EMPTY_BODY = YES;
				CLANG_WARN_ENUM_CONVERSION = YES;
				CLANG_WARN_INFINITE_RECURSION = YES;
				CLANG_WARN_INT_CONVERSION = YES;
				CLANG_WARN_OBJC_ROOT_CLASS = YES_ERROR;
				CLANG_WARN_SUSPICIOUS_MOVES = YES;
				CLANG_WARN_UNREACHABLE_CODE = YES;
				CLANG_WARN__DUPLICATE_METHOD_MATCH = YES;
				"CODE_SIGN_IDENTITY[sdk=iphoneos*]" = "iPhone Developer";
				COPY_PHASE_STRIP = NO;
				DEBUG_INFORMATION_FORMAT = "dwarf-with-dsym";
				ENABLE_NS_ASSERTIONS = NO;
				ENABLE_STRICT_OBJC_MSGSEND = YES;
				GCC_C_LANGUAGE_STANDARD = gnu99;
				GCC_NO_COMMON_BLOCKS = YES;
				GCC_WARN_64_TO_32_BIT_CONVERSION = YES;
				GCC_WARN_ABOUT_RETURN_TYPE = YES_ERROR;
				GCC_WARN_UNDECLARED_SELECTOR = YES;
				GCC_WARN_UNINITIALIZED_AUTOS = YES_AGGRESSIVE;
				GCC_WARN_UNUSED_FUNCTION = YES;
				GCC_WARN_UNUSED_VARIABLE = YES;
				IPHONEOS_DEPLOYMENT_TARGET = 10.1;
				MTL_ENABLE_DEBUG_INFO = NO;
				SDKROOT = iphoneos;
				SWIFT_OPTIMIZATION_LEVEL = "-Owholemodule";
				TARGETED_DEVICE_FAMILY = "1,2";
				VALIDATE_PRODUCT = YES;
			};
			name = Release;
		};
		E47DE1001ECCFF7200C3375C /* Debug */ = {
			isa = XCBuildConfiguration;
			buildSettings = {
				ASSETCATALOG_COMPILER_APPICON_NAME = AppIcon;
				CLANG_ENABLE_MODULES = YES;
				INFOPLIST_FILE = textExample/Info.plist;
				LD_RUNPATH_SEARCH_PATHS = "$(inherited) @executable_path/Frameworks";
				PRODUCT_BUNDLE_IDENTIFIER = DOZ.textExample;
				PRODUCT_NAME = "$(TARGET_NAME)";
				SWIFT_OPTIMIZATION_LEVEL = "-Onone";
				SWIFT_VERSION = 3.0;
			};
			name = Debug;
		};
		E47DE1011ECCFF7200C3375C /* Release */ = {
			isa = XCBuildConfiguration;
			buildSettings = {
				ASSETCATALOG_COMPILER_APPICON_NAME = AppIcon;
				CLANG_ENABLE_MODULES = YES;
				INFOPLIST_FILE = textExample/Info.plist;
				LD_RUNPATH_SEARCH_PATHS = "$(inherited) @executable_path/Frameworks";
				PRODUCT_BUNDLE_IDENTIFIER = DOZ.textExample;
				PRODUCT_NAME = "$(TARGET_NAME)";
				SWIFT_VERSION = 3.0;
			};
			name = Release;
		};
		E47DE1031ECCFF7200C3375C /* Debug */ = {
			isa = XCBuildConfiguration;
			buildSettings = {
				ALWAYS_EMBED_SWIFT_STANDARD_LIBRARIES = YES;
				BUNDLE_LOADER = "$(TEST_HOST)";
				INFOPLIST_FILE = textExampleTests/Info.plist;
				LD_RUNPATH_SEARCH_PATHS = "$(inherited) @executable_path/Frameworks @loader_path/Frameworks";
				PRODUCT_BUNDLE_IDENTIFIER = DOZ.textExampleTests;
				PRODUCT_NAME = "$(TARGET_NAME)";
				SWIFT_VERSION = 3.0;
				TEST_HOST = "$(BUILT_PRODUCTS_DIR)/textExample.app/textExample";
			};
			name = Debug;
		};
		E47DE1041ECCFF7200C3375C /* Release */ = {
			isa = XCBuildConfiguration;
			buildSettings = {
				ALWAYS_EMBED_SWIFT_STANDARD_LIBRARIES = YES;
				BUNDLE_LOADER = "$(TEST_HOST)";
				INFOPLIST_FILE = textExampleTests/Info.plist;
				LD_RUNPATH_SEARCH_PATHS = "$(inherited) @executable_path/Frameworks @loader_path/Frameworks";
				PRODUCT_BUNDLE_IDENTIFIER = DOZ.textExampleTests;
				PRODUCT_NAME = "$(TARGET_NAME)";
				SWIFT_VERSION = 3.0;
				TEST_HOST = "$(BUILT_PRODUCTS_DIR)/textExample.app/textExample";
			};
			name = Release;
		};
		E47DE1061ECCFF7200C3375C /* Debug */ = {
			isa = XCBuildConfiguration;
			buildSettings = {
				ALWAYS_EMBED_SWIFT_STANDARD_LIBRARIES = YES;
				INFOPLIST_FILE = textExampleUITests/Info.plist;
				LD_RUNPATH_SEARCH_PATHS = "$(inherited) @executable_path/Frameworks @loader_path/Frameworks";
				PRODUCT_BUNDLE_IDENTIFIER = DOZ.textExampleUITests;
				PRODUCT_NAME = "$(TARGET_NAME)";
				SWIFT_VERSION = 3.0;
				TEST_TARGET_NAME = textExample;
			};
			name = Debug;
		};
		E47DE1071ECCFF7200C3375C /* Release */ = {
			isa = XCBuildConfiguration;
			buildSettings = {
				ALWAYS_EMBED_SWIFT_STANDARD_LIBRARIES = YES;
				INFOPLIST_FILE = textExampleUITests/Info.plist;
				LD_RUNPATH_SEARCH_PATHS = "$(inherited) @executable_path/Frameworks @loader_path/Frameworks";
				PRODUCT_BUNDLE_IDENTIFIER = DOZ.textExampleUITests;
				PRODUCT_NAME = "$(TARGET_NAME)";
				SWIFT_VERSION = 3.0;
				TEST_TARGET_NAME = textExample;
			};
			name = Release;
		};
/* End XCBuildConfiguration section */

/* Begin XCConfigurationList section */
		E47DE0CC1ECCFF7200C3375C /* Build configuration list for PBXProject "textExample" */ = {
			isa = XCConfigurationList;
			buildConfigurations = (
				E47DE0FD1ECCFF7200C3375C /* Debug */,
				E47DE0FE1ECCFF7200C3375C /* Release */,
			);
			defaultConfigurationIsVisible = 0;
			defaultConfigurationName = Release;
		};
		E47DE0FF1ECCFF7200C3375C /* Build configuration list for PBXNativeTarget "textExample" */ = {
			isa = XCConfigurationList;
			buildConfigurations = (
				E47DE1001ECCFF7200C3375C /* Debug */,
				E47DE1011ECCFF7200C3375C /* Release */,
			);
			defaultConfigurationIsVisible = 0;
			defaultConfigurationName = Release;
		};
		E47DE1021ECCFF7200C3375C /* Build configuration list for PBXNativeTarget "textExampleTests" */ = {
			isa = XCConfigurationList;
			buildConfigurations = (
				E47DE1031ECCFF7200C3375C /* Debug */,
				E47DE1041ECCFF7200C3375C /* Release */,
			);
			defaultConfigurationIsVisible = 0;
			defaultConfigurationName = Release;
		};
		E47DE1051ECCFF7200C3375C /* Build configuration list for PBXNativeTarget "textExampleUITests" */ = {
			isa = XCConfigurationList;
			buildConfigurations = (
				E47DE1061ECCFF7200C3375C /* Debug */,
				E47DE1071ECCFF7200C3375C /* Release */,
			);
			defaultConfigurationIsVisible = 0;
			defaultConfigurationName = Release;
		};
/* End XCConfigurationList section */
	};
	rootObject = E47DE0C91ECCFF7200C3375C /* Project object */;
}
